
Microsoft Visual Studio Solution File, Format Version 12.00
# Visual Studio 2012
VisualStudioVersion = 12.0.30324.0
MinimumVisualStudioVersion = 10.0.40219.1
Project("{FAE04EC0-301F-11D3-BF4B-00C04F79EFBC}") = "RivetsSampleAndroid", "RivetsSampleAndroid\RivetsSampleAndroid.csproj", "{837A860E-6FF9-421A-9529-1E9069F5206E}"
EndProject
Project("{FAE04EC0-301F-11D3-BF4B-00C04F79EFBC}") = "Rivets.Android", "..\..\Rivets\Rivets.Android.csproj", "{5C5CC521-60F3-4021-88B5-A573EC569EA9}"
EndProject
Global
	GlobalSection(SolutionConfigurationPlatforms) = preSolution
		Ad-Hoc|Any CPU = Ad-Hoc|Any CPU
		Ad-Hoc|ARM = Ad-Hoc|ARM
		Ad-Hoc|iPhone = Ad-Hoc|iPhone
		Ad-Hoc|iPhoneSimulator = Ad-Hoc|iPhoneSimulator
		Ad-Hoc|Mixed Platforms = Ad-Hoc|Mixed Platforms
		Ad-Hoc|x86 = Ad-Hoc|x86
		AppStore|Any CPU = AppStore|Any CPU
		AppStore|ARM = AppStore|ARM
		AppStore|iPhone = AppStore|iPhone
		AppStore|iPhoneSimulator = AppStore|iPhoneSimulator
		AppStore|Mixed Platforms = AppStore|Mixed Platforms
		AppStore|x86 = AppStore|x86
		Debug|Any CPU = Debug|Any CPU
		Debug|ARM = Debug|ARM
		Debug|iPhone = Debug|iPhone
		Debug|iPhoneSimulator = Debug|iPhoneSimulator
		Debug|Mixed Platforms = Debug|Mixed Platforms
		Debug|x86 = Debug|x86
		Release|Any CPU = Release|Any CPU
		Release|ARM = Release|ARM
		Release|iPhone = Release|iPhone
		Release|iPhoneSimulator = Release|iPhoneSimulator
		Release|Mixed Platforms = Release|Mixed Platforms
		Release|x86 = Release|x86
	EndGlobalSection
	GlobalSection(ProjectConfigurationPlatforms) = postSolution
		{5C5CC521-60F3-4021-88B5-A573EC569EA9}.Ad-Hoc|Any CPU.ActiveCfg = Debug|Any CPU
		{5C5CC521-60F3-4021-88B5-A573EC569EA9}.Ad-Hoc|Any CPU.Build.0 = Debug|Any CPU
		{5C5CC521-60F3-4021-88B5-A573EC569EA9}.Ad-Hoc|ARM.ActiveCfg = Debug|Any CPU
		{5C5CC521-60F3-4021-88B5-A573EC569EA9}.Ad-Hoc|ARM.Build.0 = Debug|Any CPU
		{5C5CC521-60F3-4021-88B5-A573EC569EA9}.Ad-Hoc|iPhone.ActiveCfg = Release|Any CPU
		{5C5CC521-60F3-4021-88B5-A573EC569EA9}.Ad-Hoc|iPhone.Build.0 = Release|Any CPU
		{5C5CC521-60F3-4021-88B5-A573EC569EA9}.Ad-Hoc|iPhoneSimulator.ActiveCfg = Debug|Any CPU
		{5C5CC521-60F3-4021-88B5-A573EC569EA9}.Ad-Hoc|iPhoneSimulator.Build.0 = Debug|Any CPU
		{5C5CC521-60F3-4021-88B5-A573EC569EA9}.Ad-Hoc|Mixed Platforms.ActiveCfg = Debug|Any CPU
		{5C5CC521-60F3-4021-88B5-A573EC569EA9}.Ad-Hoc|Mixed Platforms.Build.0 = Debug|Any CPU
		{5C5CC521-60F3-4021-88B5-A573EC569EA9}.Ad-Hoc|x86.ActiveCfg = Debug|Any CPU
		{5C5CC521-60F3-4021-88B5-A573EC569EA9}.Ad-Hoc|x86.Build.0 = Debug|Any CPU
		{5C5CC521-60F3-4021-88B5-A573EC569EA9}.AppStore|Any CPU.ActiveCfg = Debug|Any CPU
		{5C5CC521-60F3-4021-88B5-A573EC569EA9}.AppStore|Any CPU.Build.0 = Debug|Any CPU
		{5C5CC521-60F3-4021-88B5-A573EC569EA9}.AppStore|ARM.ActiveCfg = Debug|Any CPU
		{5C5CC521-60F3-4021-88B5-A573EC569EA9}.AppStore|ARM.Build.0 = Debug|Any CPU
		{5C5CC521-60F3-4021-88B5-A573EC569EA9}.AppStore|iPhone.ActiveCfg = Release|Any CPU
		{5C5CC521-60F3-4021-88B5-A573EC569EA9}.AppStore|iPhone.Build.0 = Release|Any CPU
		{5C5CC521-60F3-4021-88B5-A573EC569EA9}.AppStore|iPhoneSimulator.ActiveCfg = Debug|Any CPU
		{5C5CC521-60F3-4021-88B5-A573EC569EA9}.AppStore|iPhoneSimulator.Build.0 = Debug|Any CPU
		{5C5CC521-60F3-4021-88B5-A573EC569EA9}.AppStore|Mixed Platforms.ActiveCfg = Debug|Any CPU
		{5C5CC521-60F3-4021-88B5-A573EC569EA9}.AppStore|Mixed Platforms.Build.0 = Debug|Any CPU
		{5C5CC521-60F3-4021-88B5-A573EC569EA9}.AppStore|x86.ActiveCfg = Debug|Any CPU
		{5C5CC521-60F3-4021-88B5-A573EC569EA9}.AppStore|x86.Build.0 = Debug|Any CPU
		{5C5CC521-60F3-4021-88B5-A573EC569EA9}.Debug|Any CPU.ActiveCfg = Debug|Any CPU
		{5C5CC521-60F3-4021-88B5-A573EC569EA9}.Debug|Any CPU.Build.0 = Debug|Any CPU
		{5C5CC521-60F3-4021-88B5-A573EC569EA9}.Debug|ARM.ActiveCfg = Debug|Any CPU
		{5C5CC521-60F3-4021-88B5-A573EC569EA9}.Debug|ARM.Build.0 = Debug|Any CPU
		{5C5CC521-60F3-4021-88B5-A573EC569EA9}.Debug|iPhone.ActiveCfg = Debug|Any CPU
		{5C5CC521-60F3-4021-88B5-A573EC569EA9}.Debug|iPhone.Build.0 = Debug|Any CPU
		{5C5CC521-60F3-4021-88B5-A573EC569EA9}.Debug|iPhoneSimulator.ActiveCfg = Debug|Any CPU
		{5C5CC521-60F3-4021-88B5-A573EC569EA9}.Debug|iPhoneSimulator.Build.0 = Debug|Any CPU
		{5C5CC521-60F3-4021-88B5-A573EC569EA9}.Debug|Mixed Platforms.ActiveCfg = Debug|Any CPU
		{5C5CC521-60F3-4021-88B5-A573EC569EA9}.Debug|Mixed Platforms.Build.0 = Debug|Any CPU
		{5C5CC521-60F3-4021-88B5-A573EC569EA9}.Debug|x86.ActiveCfg = Debug|Any CPU
		{5C5CC521-60F3-4021-88B5-A573EC569EA9}.Debug|x86.Build.0 = Debug|Any CPU
		{5C5CC521-60F3-4021-88B5-A573EC569EA9}.Release|Any CPU.ActiveCfg = Release|Any CPU
		{5C5CC521-60F3-4021-88B5-A573EC569EA9}.Release|Any CPU.Build.0 = Release|Any CPU
		{5C5CC521-60F3-4021-88B5-A573EC569EA9}.Release|ARM.ActiveCfg = Release|Any CPU
		{5C5CC521-60F3-4021-88B5-A573EC569EA9}.Release|ARM.Build.0 = Release|Any CPU
		{5C5CC521-60F3-4021-88B5-A573EC569EA9}.Release|iPhone.ActiveCfg = Release|Any CPU
		{5C5CC521-60F3-4021-88B5-A573EC569EA9}.Release|iPhone.Build.0 = Release|Any CPU
		{5C5CC521-60F3-4021-88B5-A573EC569EA9}.Release|iPhoneSimulator.ActiveCfg = Release|Any CPU
		{5C5CC521-60F3-4021-88B5-A573EC569EA9}.Release|iPhoneSimulator.Build.0 = Release|Any CPU
		{5C5CC521-60F3-4021-88B5-A573EC569EA9}.Release|Mixed Platforms.ActiveCfg = Release|Any CPU
		{5C5CC521-60F3-4021-88B5-A573EC569EA9}.Release|Mixed Platforms.Build.0 = Release|Any CPU
		{5C5CC521-60F3-4021-88B5-A573EC569EA9}.Release|x86.ActiveCfg = Release|Any CPU
		{5C5CC521-60F3-4021-88B5-A573EC569EA9}.Release|x86.Build.0 = Release|Any CPU
		{837A860E-6FF9-421A-9529-1E9069F5206E}.Ad-Hoc|Any CPU.ActiveCfg = Debug|Any CPU
		{837A860E-6FF9-421A-9529-1E9069F5206E}.Ad-Hoc|Any CPU.Build.0 = Debug|Any CPU
		{837A860E-6FF9-421A-9529-1E9069F5206E}.Ad-Hoc|Any CPU.Deploy.0 = Debug|Any CPU
		{837A860E-6FF9-421A-9529-1E9069F5206E}.Ad-Hoc|ARM.ActiveCfg = Debug|Any CPU
		{837A860E-6FF9-421A-9529-1E9069F5206E}.Ad-Hoc|iPhone.ActiveCfg = Release|Any CPU
		{837A860E-6FF9-421A-9529-1E9069F5206E}.Ad-Hoc|iPhone.Build.0 = Release|Any CPU
		{837A860E-6FF9-421A-9529-1E9069F5206E}.Ad-Hoc|iPhoneSimulator.ActiveCfg = Debug|Any CPU
		{837A860E-6FF9-421A-9529-1E9069F5206E}.Ad-Hoc|Mixed Platforms.ActiveCfg = Debug|Any CPU
		{837A860E-6FF9-421A-9529-1E9069F5206E}.Ad-Hoc|Mixed Platforms.Build.0 = Debug|Any CPU
		{837A860E-6FF9-421A-9529-1E9069F5206E}.Ad-Hoc|Mixed Platforms.Deploy.0 = Debug|Any CPU
		{837A860E-6FF9-421A-9529-1E9069F5206E}.Ad-Hoc|x86.ActiveCfg = Debug|Any CPU
		{837A860E-6FF9-421A-9529-1E9069F5206E}.AppStore|Any CPU.ActiveCfg = Debug|Any CPU
		{837A860E-6FF9-421A-9529-1E9069F5206E}.AppStore|Any CPU.Build.0 = Debug|Any CPU
		{837A860E-6FF9-421A-9529-1E9069F5206E}.AppStore|Any CPU.Deploy.0 = Debug|Any CPU
		{837A860E-6FF9-421A-9529-1E9069F5206E}.AppStore|ARM.ActiveCfg = Debug|Any CPU
		{837A860E-6FF9-421A-9529-1E9069F5206E}.AppStore|iPhone.ActiveCfg = Release|Any CPU
		{837A860E-6FF9-421A-9529-1E9069F5206E}.AppStore|iPhone.Build.0 = Release|Any CPU
		{837A860E-6FF9-421A-9529-1E9069F5206E}.AppStore|iPhoneSimulator.ActiveCfg = Debug|Any CPU
		{837A860E-6FF9-421A-9529-1E9069F5206E}.AppStore|Mixed Platforms.ActiveCfg = Debug|Any CPU
		{837A860E-6FF9-421A-9529-1E9069F5206E}.AppStore|Mixed Platforms.Build.0 = Debug|Any CPU
		{837A860E-6FF9-421A-9529-1E9069F5206E}.AppStore|Mixed Platforms.Deploy.0 = Debug|Any CPU
		{837A860E-6FF9-421A-9529-1E9069F5206E}.AppStore|x86.ActiveCfg = Debug|Any CPU
		{837A860E-6FF9-421A-9529-1E9069F5206E}.Debug|Any CPU.ActiveCfg = Debug|Any CPU
		{837A860E-6FF9-421A-9529-1E9069F5206E}.Debug|Any CPU.Build.0 = Debug|Any CPU
		{837A860E-6FF9-421A-9529-1E9069F5206E}.Debug|ARM.ActiveCfg = Debug|Any CPU
		{837A860E-6FF9-421A-9529-1E9069F5206E}.Debug|iPhone.ActiveCfg = Debug|Any CPU
		{837A860E-6FF9-421A-9529-1E9069F5206E}.Debug|iPhone.Build.0 = Debug|Any CPU
		{837A860E-6FF9-421A-9529-1E9069F5206E}.Debug|iPhoneSimulator.ActiveCfg = Debug|Any CPU
		{837A860E-6FF9-421A-9529-1E9069F5206E}.Debug|iPhoneSimulator.Build.0 = Debug|Any CPU
		{837A860E-6FF9-421A-9529-1E9069F5206E}.Debug|Mixed Platforms.ActiveCfg = Debug|Any CPU
		{837A860E-6FF9-421A-9529-1E9069F5206E}.Debug|Mixed Platforms.Build.0 = Debug|Any CPU
		{837A860E-6FF9-421A-9529-1E9069F5206E}.Debug|Mixed Platforms.Deploy.0 = Debug|Any CPU
		{837A860E-6FF9-421A-9529-1E9069F5206E}.Debug|x86.ActiveCfg = Debug|Any CPU
		{837A860E-6FF9-421A-9529-1E9069F5206E}.Release|Any CPU.ActiveCfg = Release|Any CPU
		{837A860E-6FF9-421A-9529-1E9069F5206E}.Release|Any CPU.Build.0 = Release|Any CPU
		{837A860E-6FF9-421A-9529-1E9069F5206E}.Release|ARM.ActiveCfg = Release|Any CPU
		{837A860E-6FF9-421A-9529-1E9069F5206E}.Release|iPhone.ActiveCfg = Release|Any CPU
		{837A860E-6FF9-421A-9529-1E9069F5206E}.Release|iPhone.Build.0 = Release|Any CPU
		{837A860E-6FF9-421A-9529-1E9069F5206E}.Release|iPhoneSimulator.ActiveCfg = Release|Any CPU
		{837A860E-6FF9-421A-9529-1E9069F5206E}.Release|iPhoneSimulator.Build.0 = Release|Any CPU
		{837A860E-6FF9-421A-9529-1E9069F5206E}.Release|Mixed Platforms.ActiveCfg = Release|Any CPU
		{837A860E-6FF9-421A-9529-1E9069F5206E}.Release|Mixed Platforms.Build.0 = Release|Any CPU
		{837A860E-6FF9-421A-9529-1E9069F5206E}.Release|Mixed Platforms.Deploy.0 = Release|Any CPU
		{837A860E-6FF9-421A-9529-1E9069F5206E}.Release|x86.ActiveCfg = Release|Any CPU
	EndGlobalSection
	GlobalSection(MonoDevelopProperties) = preSolution
		StartupItem = RivetsSampleAndroid\RivetsSampleAndroid.csproj
	EndGlobalSection
	GlobalSection(SolutionProperties) = preSolution
		HideSolutionNode = FALSE
	EndGlobalSection
EndGlobal
