
Microsoft Visual Studio Solution File, Format Version 12.00
# Visual Studio 2012
Project("{FAE04EC0-301F-11D3-BF4B-00C04F79EFBC}") = "Rivets", "Rivets\Rivets.csproj", "{432BB567-C11B-484B-BC05-6EFCD0AF036A}"
EndProject
Project("{FAE04EC0-301F-11D3-BF4B-00C04F79EFBC}") = "Rivets.Android", "Rivets\Rivets.Android.csproj", "{5C5CC521-60F3-4021-88B5-A573EC569EA9}"
EndProject
Project("{FAE04EC0-301F-11D3-BF4B-00C04F79EFBC}") = "Rivets.iOS", "Rivets\Rivets.iOS.csproj", "{C4F1CE5C-A13F-4361-BE64-D5336F5714A9}"
EndProject
Project("{FAE04EC0-301F-11D3-BF4B-00C04F79EFBC}") = "Rivets.Net45", "Rivets\Rivets.Net45.csproj", "{B6AC84BE-9B3E-4330-ABD0-3FE97B45554E}"
EndProject
Project("{FAE04EC0-301F-11D3-BF4B-00C04F79EFBC}") = "Rivets.Tests", "Rivets.Tests\Rivets.Tests.csproj", "{001F82A1-CD75-424B-9288-6D29C78759A9}"
EndProject
Project("{FAE04EC0-301F-11D3-BF4B-00C04F79EFBC}") = "RivetsSampleiPhone", "RivetsSampleiPhone\RivetsSampleiPhone.csproj", "{704A0BAA-3B8D-445F-BF00-ED709E8F1400}"
EndProject
Global
	GlobalSection(SolutionConfigurationPlatforms) = preSolution
		Debug|Any CPU = Debug|Any CPU
		Release|Any CPU = Release|Any CPU
		Debug|iPhoneSimulator = Debug|iPhoneSimulator
		Release|iPhoneSimulator = Release|iPhoneSimulator
		Debug|iPhone = Debug|iPhone
		Release|iPhone = Release|iPhone
		Ad-Hoc|iPhone = Ad-Hoc|iPhone
		AppStore|iPhone = AppStore|iPhone
	EndGlobalSection
	GlobalSection(ProjectConfigurationPlatforms) = postSolution
		{001F82A1-CD75-424B-9288-6D29C78759A9}.Ad-Hoc|iPhone.ActiveCfg = Debug|Any CPU
		{001F82A1-CD75-424B-9288-6D29C78759A9}.Ad-Hoc|iPhone.Build.0 = Debug|Any CPU
		{001F82A1-CD75-424B-9288-6D29C78759A9}.AppStore|iPhone.ActiveCfg = Debug|Any CPU
		{001F82A1-CD75-424B-9288-6D29C78759A9}.AppStore|iPhone.Build.0 = Debug|Any CPU
		{001F82A1-CD75-424B-9288-6D29C78759A9}.Debug|Any CPU.ActiveCfg = Debug|Any CPU
		{001F82A1-CD75-424B-9288-6D29C78759A9}.Debug|Any CPU.Build.0 = Debug|Any CPU
		{001F82A1-CD75-424B-9288-6D29C78759A9}.Debug|iPhone.ActiveCfg = Debug|Any CPU
		{001F82A1-CD75-424B-9288-6D29C78759A9}.Debug|iPhone.Build.0 = Debug|Any CPU
		{001F82A1-CD75-424B-9288-6D29C78759A9}.Debug|iPhoneSimulator.ActiveCfg = Debug|Any CPU
		{001F82A1-CD75-424B-9288-6D29C78759A9}.Debug|iPhoneSimulator.Build.0 = Debug|Any CPU
		{001F82A1-CD75-424B-9288-6D29C78759A9}.Release|Any CPU.ActiveCfg = Release|Any CPU
		{001F82A1-CD75-424B-9288-6D29C78759A9}.Release|Any CPU.Build.0 = Release|Any CPU
		{001F82A1-CD75-424B-9288-6D29C78759A9}.Release|iPhone.ActiveCfg = Release|Any CPU
		{001F82A1-CD75-424B-9288-6D29C78759A9}.Release|iPhone.Build.0 = Release|Any CPU
		{001F82A1-CD75-424B-9288-6D29C78759A9}.Release|iPhoneSimulator.ActiveCfg = Release|Any CPU
		{001F82A1-CD75-424B-9288-6D29C78759A9}.Release|iPhoneSimulator.Build.0 = Release|Any CPU
		{432BB567-C11B-484B-BC05-6EFCD0AF036A}.Ad-Hoc|iPhone.ActiveCfg = Debug|Any CPU
		{432BB567-C11B-484B-BC05-6EFCD0AF036A}.Ad-Hoc|iPhone.Build.0 = Debug|Any CPU
		{432BB567-C11B-484B-BC05-6EFCD0AF036A}.AppStore|iPhone.ActiveCfg = Debug|Any CPU
		{432BB567-C11B-484B-BC05-6EFCD0AF036A}.AppStore|iPhone.Build.0 = Debug|Any CPU
		{432BB567-C11B-484B-BC05-6EFCD0AF036A}.Debug|Any CPU.ActiveCfg = Debug|Any CPU
		{432BB567-C11B-484B-BC05-6EFCD0AF036A}.Debug|Any CPU.Build.0 = Debug|Any CPU
		{432BB567-C11B-484B-BC05-6EFCD0AF036A}.Debug|iPhone.ActiveCfg = Debug|Any CPU
		{432BB567-C11B-484B-BC05-6EFCD0AF036A}.Debug|iPhone.Build.0 = Debug|Any CPU
		{432BB567-C11B-484B-BC05-6EFCD0AF036A}.Debug|iPhoneSimulator.ActiveCfg = Debug|Any CPU
		{432BB567-C11B-484B-BC05-6EFCD0AF036A}.Debug|iPhoneSimulator.Build.0 = Debug|Any CPU
		{432BB567-C11B-484B-BC05-6EFCD0AF036A}.Release|Any CPU.ActiveCfg = Release|Any CPU
		{432BB567-C11B-484B-BC05-6EFCD0AF036A}.Release|Any CPU.Build.0 = Release|Any CPU
		{432BB567-C11B-484B-BC05-6EFCD0AF036A}.Release|iPhone.ActiveCfg = Release|Any CPU
		{432BB567-C11B-484B-BC05-6EFCD0AF036A}.Release|iPhone.Build.0 = Release|Any CPU
		{432BB567-C11B-484B-BC05-6EFCD0AF036A}.Release|iPhoneSimulator.ActiveCfg = Release|Any CPU
		{432BB567-C11B-484B-BC05-6EFCD0AF036A}.Release|iPhoneSimulator.Build.0 = Release|Any CPU
		{5C5CC521-60F3-4021-88B5-A573EC569EA9}.Ad-Hoc|iPhone.ActiveCfg = Debug|Any CPU
		{5C5CC521-60F3-4021-88B5-A573EC569EA9}.Ad-Hoc|iPhone.Build.0 = Debug|Any CPU
		{5C5CC521-60F3-4021-88B5-A573EC569EA9}.AppStore|iPhone.ActiveCfg = Debug|Any CPU
		{5C5CC521-60F3-4021-88B5-A573EC569EA9}.AppStore|iPhone.Build.0 = Debug|Any CPU
		{5C5CC521-60F3-4021-88B5-A573EC569EA9}.Debug|Any CPU.ActiveCfg = Debug|Any CPU
		{5C5CC521-60F3-4021-88B5-A573EC569EA9}.Debug|Any CPU.Build.0 = Debug|Any CPU
		{5C5CC521-60F3-4021-88B5-A573EC569EA9}.Debug|iPhone.ActiveCfg = Debug|Any CPU
		{5C5CC521-60F3-4021-88B5-A573EC569EA9}.Debug|iPhone.Build.0 = Debug|Any CPU
		{5C5CC521-60F3-4021-88B5-A573EC569EA9}.Debug|iPhoneSimulator.ActiveCfg = Debug|Any CPU
		{5C5CC521-60F3-4021-88B5-A573EC569EA9}.Debug|iPhoneSimulator.Build.0 = Debug|Any CPU
		{5C5CC521-60F3-4021-88B5-A573EC569EA9}.Release|Any CPU.ActiveCfg = Release|Any CPU
		{5C5CC521-60F3-4021-88B5-A573EC569EA9}.Release|Any CPU.Build.0 = Release|Any CPU
		{5C5CC521-60F3-4021-88B5-A573EC569EA9}.Release|iPhone.ActiveCfg = Release|Any CPU
		{5C5CC521-60F3-4021-88B5-A573EC569EA9}.Release|iPhone.Build.0 = Release|Any CPU
		{5C5CC521-60F3-4021-88B5-A573EC569EA9}.Release|iPhoneSimulator.ActiveCfg = Release|Any CPU
		{5C5CC521-60F3-4021-88B5-A573EC569EA9}.Release|iPhoneSimulator.Build.0 = Release|Any CPU
		{704A0BAA-3B8D-445F-BF00-ED709E8F1400}.Ad-Hoc|iPhone.ActiveCfg = Ad-Hoc|iPhone
		{704A0BAA-3B8D-445F-BF00-ED709E8F1400}.Ad-Hoc|iPhone.Build.0 = Ad-Hoc|iPhone
		{704A0BAA-3B8D-445F-BF00-ED709E8F1400}.AppStore|iPhone.ActiveCfg = AppStore|iPhone
		{704A0BAA-3B8D-445F-BF00-ED709E8F1400}.AppStore|iPhone.Build.0 = AppStore|iPhone
		{704A0BAA-3B8D-445F-BF00-ED709E8F1400}.Debug|Any CPU.ActiveCfg = Debug|iPhoneSimulator
		{704A0BAA-3B8D-445F-BF00-ED709E8F1400}.Debug|Any CPU.Build.0 = Debug|iPhoneSimulator
		{704A0BAA-3B8D-445F-BF00-ED709E8F1400}.Debug|iPhone.ActiveCfg = Debug|iPhone
		{704A0BAA-3B8D-445F-BF00-ED709E8F1400}.Debug|iPhone.Build.0 = Debug|iPhone
		{704A0BAA-3B8D-445F-BF00-ED709E8F1400}.Debug|iPhoneSimulator.ActiveCfg = Debug|iPhoneSimulator
		{704A0BAA-3B8D-445F-BF00-ED709E8F1400}.Debug|iPhoneSimulator.Build.0 = Debug|iPhoneSimulator
		{704A0BAA-3B8D-445F-BF00-ED709E8F1400}.Release|Any CPU.ActiveCfg = Release|iPhoneSimulator
		{704A0BAA-3B8D-445F-BF00-ED709E8F1400}.Release|Any CPU.Build.0 = Release|iPhoneSimulator
		{704A0BAA-3B8D-445F-BF00-ED709E8F1400}.Release|iPhone.ActiveCfg = Release|iPhone
		{704A0BAA-3B8D-445F-BF00-ED709E8F1400}.Release|iPhone.Build.0 = Release|iPhone
		{704A0BAA-3B8D-445F-BF00-ED709E8F1400}.Release|iPhoneSimulator.ActiveCfg = Release|iPhoneSimulator
		{704A0BAA-3B8D-445F-BF00-ED709E8F1400}.Release|iPhoneSimulator.Build.0 = Release|iPhoneSimulator
		{B6AC84BE-9B3E-4330-ABD0-3FE97B45554E}.Ad-Hoc|iPhone.ActiveCfg = Debug|Any CPU
		{B6AC84BE-9B3E-4330-ABD0-3FE97B45554E}.Ad-Hoc|iPhone.Build.0 = Debug|Any CPU
		{B6AC84BE-9B3E-4330-ABD0-3FE97B45554E}.AppStore|iPhone.ActiveCfg = Debug|Any CPU
		{B6AC84BE-9B3E-4330-ABD0-3FE97B45554E}.AppStore|iPhone.Build.0 = Debug|Any CPU
		{B6AC84BE-9B3E-4330-ABD0-3FE97B45554E}.Debug|Any CPU.ActiveCfg = Debug|Any CPU
		{B6AC84BE-9B3E-4330-ABD0-3FE97B45554E}.Debug|Any CPU.Build.0 = Debug|Any CPU
		{B6AC84BE-9B3E-4330-ABD0-3FE97B45554E}.Debug|iPhone.ActiveCfg = Debug|Any CPU
		{B6AC84BE-9B3E-4330-ABD0-3FE97B45554E}.Debug|iPhone.Build.0 = Debug|Any CPU
		{B6AC84BE-9B3E-4330-ABD0-3FE97B45554E}.Debug|iPhoneSimulator.ActiveCfg = Debug|Any CPU
		{B6AC84BE-9B3E-4330-ABD0-3FE97B45554E}.Debug|iPhoneSimulator.Build.0 = Debug|Any CPU
		{B6AC84BE-9B3E-4330-ABD0-3FE97B45554E}.Release|Any CPU.ActiveCfg = Release|Any CPU
		{B6AC84BE-9B3E-4330-ABD0-3FE97B45554E}.Release|Any CPU.Build.0 = Release|Any CPU
		{B6AC84BE-9B3E-4330-ABD0-3FE97B45554E}.Release|iPhone.ActiveCfg = Release|Any CPU
		{B6AC84BE-9B3E-4330-ABD0-3FE97B45554E}.Release|iPhone.Build.0 = Release|Any CPU
		{B6AC84BE-9B3E-4330-ABD0-3FE97B45554E}.Release|iPhoneSimulator.ActiveCfg = Release|Any CPU
		{B6AC84BE-9B3E-4330-ABD0-3FE97B45554E}.Release|iPhoneSimulator.Build.0 = Release|Any CPU
		{C4F1CE5C-A13F-4361-BE64-D5336F5714A9}.Ad-Hoc|iPhone.ActiveCfg = Debug|Any CPU
		{C4F1CE5C-A13F-4361-BE64-D5336F5714A9}.Ad-Hoc|iPhone.Build.0 = Debug|Any CPU
		{C4F1CE5C-A13F-4361-BE64-D5336F5714A9}.AppStore|iPhone.ActiveCfg = Debug|Any CPU
		{C4F1CE5C-A13F-4361-BE64-D5336F5714A9}.AppStore|iPhone.Build.0 = Debug|Any CPU
		{C4F1CE5C-A13F-4361-BE64-D5336F5714A9}.Debug|Any CPU.ActiveCfg = Debug|Any CPU
		{C4F1CE5C-A13F-4361-BE64-D5336F5714A9}.Debug|Any CPU.Build.0 = Debug|Any CPU
		{C4F1CE5C-A13F-4361-BE64-D5336F5714A9}.Debug|iPhone.ActiveCfg = Debug|Any CPU
		{C4F1CE5C-A13F-4361-BE64-D5336F5714A9}.Debug|iPhone.Build.0 = Debug|Any CPU
		{C4F1CE5C-A13F-4361-BE64-D5336F5714A9}.Debug|iPhoneSimulator.ActiveCfg = Debug|Any CPU
		{C4F1CE5C-A13F-4361-BE64-D5336F5714A9}.Debug|iPhoneSimulator.Build.0 = Debug|Any CPU
		{C4F1CE5C-A13F-4361-BE64-D5336F5714A9}.Release|Any CPU.ActiveCfg = Release|Any CPU
		{C4F1CE5C-A13F-4361-BE64-D5336F5714A9}.Release|Any CPU.Build.0 = Release|Any CPU
		{C4F1CE5C-A13F-4361-BE64-D5336F5714A9}.Release|iPhone.ActiveCfg = Release|Any CPU
		{C4F1CE5C-A13F-4361-BE64-D5336F5714A9}.Release|iPhone.Build.0 = Release|Any CPU
		{C4F1CE5C-A13F-4361-BE64-D5336F5714A9}.Release|iPhoneSimulator.ActiveCfg = Release|Any CPU
		{C4F1CE5C-A13F-4361-BE64-D5336F5714A9}.Release|iPhoneSimulator.Build.0 = Release|Any CPU
	EndGlobalSection
	GlobalSection(MonoDevelopProperties) = preSolution
		StartupItem = RivetsSampleiPhone\RivetsSampleiPhone.csproj
	EndGlobalSection
EndGlobal
