
Microsoft Visual Studio Solution File, Format Version 12.00
# Visual Studio 2012
Project("{FAE04EC0-301F-11D3-BF4B-00C04F79EFBC}") = "Rivets", "Rivets\Rivets.csproj", "{432BB567-C11B-484B-BC05-6EFCD0AF036A}"
EndProject
Project("{FAE04EC0-301F-11D3-BF4B-00C04F79EFBC}") = "Rivets.Android", "Rivets\Rivets.Android.csproj", "{5C5CC521-60F3-4021-88B5-A573EC569EA9}"
EndProject
Project("{FAE04EC0-301F-11D3-BF4B-00C04F79EFBC}") = "Rivets.iOS", "Rivets\Rivets.iOS.csproj", "{C4F1CE5C-A13F-4361-BE64-D5336F5714A9}"
EndProject
Global
	GlobalSection(SolutionConfigurationPlatforms) = preSolution
		Debug|Any CPU = Debug|Any CPU
		Release|Any CPU = Release|Any CPU
	EndGlobalSection
	GlobalSection(ProjectConfigurationPlatforms) = postSolution
		{432BB567-C11B-484B-BC05-6EFCD0AF036A}.Debug|Any CPU.ActiveCfg = Debug|Any CPU
		{432BB567-C11B-484B-BC05-6EFCD0AF036A}.Debug|Any CPU.Build.0 = Debug|Any CPU
		{432BB567-C11B-484B-BC05-6EFCD0AF036A}.Release|Any CPU.ActiveCfg = Release|Any CPU
		{432BB567-C11B-484B-BC05-6EFCD0AF036A}.Release|Any CPU.Build.0 = Release|Any CPU
		{5C5CC521-60F3-4021-88B5-A573EC569EA9}.Debug|Any CPU.ActiveCfg = Debug|Any CPU
		{5C5CC521-60F3-4021-88B5-A573EC569EA9}.Debug|Any CPU.Build.0 = Debug|Any CPU
		{5C5CC521-60F3-4021-88B5-A573EC569EA9}.Release|Any CPU.ActiveCfg = Release|Any CPU
		{5C5CC521-60F3-4021-88B5-A573EC569EA9}.Release|Any CPU.Build.0 = Release|Any CPU
		{C4F1CE5C-A13F-4361-BE64-D5336F5714A9}.Debug|Any CPU.ActiveCfg = Debug|Any CPU
		{C4F1CE5C-A13F-4361-BE64-D5336F5714A9}.Debug|Any CPU.Build.0 = Debug|Any CPU
		{C4F1CE5C-A13F-4361-BE64-D5336F5714A9}.Release|Any CPU.ActiveCfg = Release|Any CPU
		{C4F1CE5C-A13F-4361-BE64-D5336F5714A9}.Release|Any CPU.Build.0 = Release|Any CPU
	EndGlobalSection
	GlobalSection(MonoDevelopProperties) = preSolution
		StartupItem = Rivets\Rivets.csproj
	EndGlobalSection
EndGlobal
