
Microsoft Visual Studio Solution File, Format Version 12.00
# Visual Studio 2012
VisualStudioVersion = 12.0.30324.0
MinimumVisualStudioVersion = 10.0.40219.1
Project("{FAE04EC0-301F-11D3-BF4B-00C04F79EFBC}") = "RivetsSampleiPhone", "RivetsSampleiPhone\RivetsSampleiPhone.csproj", "{704A0BAA-3B8D-445F-BF00-ED709E8F1400}"
EndProject
Project("{FAE04EC0-301F-11D3-BF4B-00C04F79EFBC}") = "Rivets.iOS", "..\Rivets\Rivets.iOS.csproj", "{C4F1CE5C-A13F-4361-BE64-D5336F5714A9}"
EndProject
Global
	GlobalSection(SolutionConfigurationPlatforms) = preSolution
		Ad-Hoc|Any CPU = Ad-Hoc|Any CPU
		Ad-Hoc|ARM = Ad-Hoc|ARM
		Ad-Hoc|iPhone = Ad-Hoc|iPhone
		Ad-Hoc|iPhoneSimulator = Ad-Hoc|iPhoneSimulator
		Ad-Hoc|Mixed Platforms = Ad-Hoc|Mixed Platforms
		Ad-Hoc|x86 = Ad-Hoc|x86
		AppStore|Any CPU = AppStore|Any CPU
		AppStore|ARM = AppStore|ARM
		AppStore|iPhone = AppStore|iPhone
		AppStore|iPhoneSimulator = AppStore|iPhoneSimulator
		AppStore|Mixed Platforms = AppStore|Mixed Platforms
		AppStore|x86 = AppStore|x86
		Debug|Any CPU = Debug|Any CPU
		Debug|ARM = Debug|ARM
		Debug|iPhone = Debug|iPhone
		Debug|iPhoneSimulator = Debug|iPhoneSimulator
		Debug|Mixed Platforms = Debug|Mixed Platforms
		Debug|x86 = Debug|x86
		Release|Any CPU = Release|Any CPU
		Release|ARM = Release|ARM
		Release|iPhone = Release|iPhone
		Release|iPhoneSimulator = Release|iPhoneSimulator
		Release|Mixed Platforms = Release|Mixed Platforms
		Release|x86 = Release|x86
	EndGlobalSection
	GlobalSection(ProjectConfigurationPlatforms) = postSolution
		{704A0BAA-3B8D-445F-BF00-ED709E8F1400}.Ad-Hoc|Any CPU.ActiveCfg = Ad-Hoc|iPhoneSimulator
		{704A0BAA-3B8D-445F-BF00-ED709E8F1400}.Ad-Hoc|ARM.ActiveCfg = Ad-Hoc|iPhoneSimulator
		{704A0BAA-3B8D-445F-BF00-ED709E8F1400}.Ad-Hoc|iPhone.ActiveCfg = Ad-Hoc|iPhone
		{704A0BAA-3B8D-445F-BF00-ED709E8F1400}.Ad-Hoc|iPhone.Build.0 = Ad-Hoc|iPhone
		{704A0BAA-3B8D-445F-BF00-ED709E8F1400}.Ad-Hoc|iPhoneSimulator.ActiveCfg = Ad-Hoc|iPhoneSimulator
		{704A0BAA-3B8D-445F-BF00-ED709E8F1400}.Ad-Hoc|iPhoneSimulator.Build.0 = Ad-Hoc|iPhoneSimulator
		{704A0BAA-3B8D-445F-BF00-ED709E8F1400}.Ad-Hoc|iPhoneSimulator.Deploy.0 = Ad-Hoc|iPhoneSimulator
		{704A0BAA-3B8D-445F-BF00-ED709E8F1400}.Ad-Hoc|Mixed Platforms.ActiveCfg = Ad-Hoc|iPhoneSimulator
		{704A0BAA-3B8D-445F-BF00-ED709E8F1400}.Ad-Hoc|Mixed Platforms.Build.0 = Ad-Hoc|iPhoneSimulator
		{704A0BAA-3B8D-445F-BF00-ED709E8F1400}.Ad-Hoc|Mixed Platforms.Deploy.0 = Ad-Hoc|iPhoneSimulator
		{704A0BAA-3B8D-445F-BF00-ED709E8F1400}.Ad-Hoc|x86.ActiveCfg = Ad-Hoc|iPhoneSimulator
		{704A0BAA-3B8D-445F-BF00-ED709E8F1400}.AppStore|Any CPU.ActiveCfg = AppStore|iPhoneSimulator
		{704A0BAA-3B8D-445F-BF00-ED709E8F1400}.AppStore|ARM.ActiveCfg = AppStore|iPhoneSimulator
		{704A0BAA-3B8D-445F-BF00-ED709E8F1400}.AppStore|iPhone.ActiveCfg = AppStore|iPhone
		{704A0BAA-3B8D-445F-BF00-ED709E8F1400}.AppStore|iPhone.Build.0 = AppStore|iPhone
		{704A0BAA-3B8D-445F-BF00-ED709E8F1400}.AppStore|iPhoneSimulator.ActiveCfg = AppStore|iPhoneSimulator
		{704A0BAA-3B8D-445F-BF00-ED709E8F1400}.AppStore|iPhoneSimulator.Build.0 = AppStore|iPhoneSimulator
		{704A0BAA-3B8D-445F-BF00-ED709E8F1400}.AppStore|iPhoneSimulator.Deploy.0 = AppStore|iPhoneSimulator
		{704A0BAA-3B8D-445F-BF00-ED709E8F1400}.AppStore|Mixed Platforms.ActiveCfg = AppStore|iPhoneSimulator
		{704A0BAA-3B8D-445F-BF00-ED709E8F1400}.AppStore|Mixed Platforms.Build.0 = AppStore|iPhoneSimulator
		{704A0BAA-3B8D-445F-BF00-ED709E8F1400}.AppStore|Mixed Platforms.Deploy.0 = AppStore|iPhoneSimulator
		{704A0BAA-3B8D-445F-BF00-ED709E8F1400}.AppStore|x86.ActiveCfg = AppStore|iPhoneSimulator
		{704A0BAA-3B8D-445F-BF00-ED709E8F1400}.Debug|Any CPU.ActiveCfg = Debug|iPhoneSimulator
		{704A0BAA-3B8D-445F-BF00-ED709E8F1400}.Debug|Any CPU.Build.0 = Debug|iPhoneSimulator
		{704A0BAA-3B8D-445F-BF00-ED709E8F1400}.Debug|ARM.ActiveCfg = Debug|iPhone
		{704A0BAA-3B8D-445F-BF00-ED709E8F1400}.Debug|iPhone.ActiveCfg = Debug|iPhone
		{704A0BAA-3B8D-445F-BF00-ED709E8F1400}.Debug|iPhone.Build.0 = Debug|iPhone
		{704A0BAA-3B8D-445F-BF00-ED709E8F1400}.Debug|iPhoneSimulator.ActiveCfg = Debug|iPhoneSimulator
		{704A0BAA-3B8D-445F-BF00-ED709E8F1400}.Debug|iPhoneSimulator.Build.0 = Debug|iPhoneSimulator
		{704A0BAA-3B8D-445F-BF00-ED709E8F1400}.Debug|Mixed Platforms.ActiveCfg = Debug|iPhone
		{704A0BAA-3B8D-445F-BF00-ED709E8F1400}.Debug|Mixed Platforms.Build.0 = Debug|iPhone
		{704A0BAA-3B8D-445F-BF00-ED709E8F1400}.Debug|Mixed Platforms.Deploy.0 = Debug|iPhone
		{704A0BAA-3B8D-445F-BF00-ED709E8F1400}.Debug|x86.ActiveCfg = Debug|iPhone
		{704A0BAA-3B8D-445F-BF00-ED709E8F1400}.Release|Any CPU.ActiveCfg = Release|iPhoneSimulator
		{704A0BAA-3B8D-445F-BF00-ED709E8F1400}.Release|Any CPU.Build.0 = Release|iPhoneSimulator
		{704A0BAA-3B8D-445F-BF00-ED709E8F1400}.Release|ARM.ActiveCfg = Release|iPhone
		{704A0BAA-3B8D-445F-BF00-ED709E8F1400}.Release|iPhone.ActiveCfg = Release|iPhone
		{704A0BAA-3B8D-445F-BF00-ED709E8F1400}.Release|iPhone.Build.0 = Release|iPhone
		{704A0BAA-3B8D-445F-BF00-ED709E8F1400}.Release|iPhoneSimulator.ActiveCfg = Release|iPhoneSimulator
		{704A0BAA-3B8D-445F-BF00-ED709E8F1400}.Release|iPhoneSimulator.Build.0 = Release|iPhoneSimulator
		{704A0BAA-3B8D-445F-BF00-ED709E8F1400}.Release|Mixed Platforms.ActiveCfg = Release|iPhone
		{704A0BAA-3B8D-445F-BF00-ED709E8F1400}.Release|Mixed Platforms.Build.0 = Release|iPhone
		{704A0BAA-3B8D-445F-BF00-ED709E8F1400}.Release|Mixed Platforms.Deploy.0 = Release|iPhone
		{704A0BAA-3B8D-445F-BF00-ED709E8F1400}.Release|x86.ActiveCfg = Release|iPhone
		{C4F1CE5C-A13F-4361-BE64-D5336F5714A9}.Ad-Hoc|Any CPU.ActiveCfg = Release|Any CPU
		{C4F1CE5C-A13F-4361-BE64-D5336F5714A9}.Ad-Hoc|Any CPU.Build.0 = Release|Any CPU
		{C4F1CE5C-A13F-4361-BE64-D5336F5714A9}.Ad-Hoc|ARM.ActiveCfg = Release|Any CPU
		{C4F1CE5C-A13F-4361-BE64-D5336F5714A9}.Ad-Hoc|ARM.Build.0 = Release|Any CPU
		{C4F1CE5C-A13F-4361-BE64-D5336F5714A9}.Ad-Hoc|iPhone.ActiveCfg = Release|Any CPU
		{C4F1CE5C-A13F-4361-BE64-D5336F5714A9}.Ad-Hoc|iPhone.Build.0 = Release|Any CPU
		{C4F1CE5C-A13F-4361-BE64-D5336F5714A9}.Ad-Hoc|iPhoneSimulator.ActiveCfg = Release|Any CPU
		{C4F1CE5C-A13F-4361-BE64-D5336F5714A9}.Ad-Hoc|iPhoneSimulator.Build.0 = Release|Any CPU
		{C4F1CE5C-A13F-4361-BE64-D5336F5714A9}.Ad-Hoc|Mixed Platforms.ActiveCfg = Release|Any CPU
		{C4F1CE5C-A13F-4361-BE64-D5336F5714A9}.Ad-Hoc|Mixed Platforms.Build.0 = Release|Any CPU
		{C4F1CE5C-A13F-4361-BE64-D5336F5714A9}.Ad-Hoc|x86.ActiveCfg = Release|Any CPU
		{C4F1CE5C-A13F-4361-BE64-D5336F5714A9}.Ad-Hoc|x86.Build.0 = Release|Any CPU
		{C4F1CE5C-A13F-4361-BE64-D5336F5714A9}.AppStore|Any CPU.ActiveCfg = Release|Any CPU
		{C4F1CE5C-A13F-4361-BE64-D5336F5714A9}.AppStore|Any CPU.Build.0 = Release|Any CPU
		{C4F1CE5C-A13F-4361-BE64-D5336F5714A9}.AppStore|ARM.ActiveCfg = Release|Any CPU
		{C4F1CE5C-A13F-4361-BE64-D5336F5714A9}.AppStore|ARM.Build.0 = Release|Any CPU
		{C4F1CE5C-A13F-4361-BE64-D5336F5714A9}.AppStore|iPhone.ActiveCfg = Release|Any CPU
		{C4F1CE5C-A13F-4361-BE64-D5336F5714A9}.AppStore|iPhone.Build.0 = Release|Any CPU
		{C4F1CE5C-A13F-4361-BE64-D5336F5714A9}.AppStore|iPhoneSimulator.ActiveCfg = Release|Any CPU
		{C4F1CE5C-A13F-4361-BE64-D5336F5714A9}.AppStore|iPhoneSimulator.Build.0 = Release|Any CPU
		{C4F1CE5C-A13F-4361-BE64-D5336F5714A9}.AppStore|Mixed Platforms.ActiveCfg = Release|Any CPU
		{C4F1CE5C-A13F-4361-BE64-D5336F5714A9}.AppStore|Mixed Platforms.Build.0 = Release|Any CPU
		{C4F1CE5C-A13F-4361-BE64-D5336F5714A9}.AppStore|x86.ActiveCfg = Release|Any CPU
		{C4F1CE5C-A13F-4361-BE64-D5336F5714A9}.AppStore|x86.Build.0 = Release|Any CPU
		{C4F1CE5C-A13F-4361-BE64-D5336F5714A9}.Debug|Any CPU.ActiveCfg = Debug|Any CPU
		{C4F1CE5C-A13F-4361-BE64-D5336F5714A9}.Debug|Any CPU.Build.0 = Debug|Any CPU
		{C4F1CE5C-A13F-4361-BE64-D5336F5714A9}.Debug|ARM.ActiveCfg = Debug|Any CPU
		{C4F1CE5C-A13F-4361-BE64-D5336F5714A9}.Debug|ARM.Build.0 = Debug|Any CPU
		{C4F1CE5C-A13F-4361-BE64-D5336F5714A9}.Debug|iPhone.ActiveCfg = Debug|Any CPU
		{C4F1CE5C-A13F-4361-BE64-D5336F5714A9}.Debug|iPhone.Build.0 = Debug|Any CPU
		{C4F1CE5C-A13F-4361-BE64-D5336F5714A9}.Debug|iPhoneSimulator.ActiveCfg = Debug|Any CPU
		{C4F1CE5C-A13F-4361-BE64-D5336F5714A9}.Debug|iPhoneSimulator.Build.0 = Debug|Any CPU
		{C4F1CE5C-A13F-4361-BE64-D5336F5714A9}.Debug|Mixed Platforms.ActiveCfg = Debug|Any CPU
		{C4F1CE5C-A13F-4361-BE64-D5336F5714A9}.Debug|Mixed Platforms.Build.0 = Debug|Any CPU
		{C4F1CE5C-A13F-4361-BE64-D5336F5714A9}.Debug|x86.ActiveCfg = Debug|Any CPU
		{C4F1CE5C-A13F-4361-BE64-D5336F5714A9}.Debug|x86.Build.0 = Debug|Any CPU
		{C4F1CE5C-A13F-4361-BE64-D5336F5714A9}.Release|Any CPU.ActiveCfg = Release|Any CPU
		{C4F1CE5C-A13F-4361-BE64-D5336F5714A9}.Release|Any CPU.Build.0 = Release|Any CPU
		{C4F1CE5C-A13F-4361-BE64-D5336F5714A9}.Release|ARM.ActiveCfg = Release|Any CPU
		{C4F1CE5C-A13F-4361-BE64-D5336F5714A9}.Release|ARM.Build.0 = Release|Any CPU
		{C4F1CE5C-A13F-4361-BE64-D5336F5714A9}.Release|iPhone.ActiveCfg = Release|Any CPU
		{C4F1CE5C-A13F-4361-BE64-D5336F5714A9}.Release|iPhone.Build.0 = Release|Any CPU
		{C4F1CE5C-A13F-4361-BE64-D5336F5714A9}.Release|iPhoneSimulator.ActiveCfg = Release|Any CPU
		{C4F1CE5C-A13F-4361-BE64-D5336F5714A9}.Release|iPhoneSimulator.Build.0 = Release|Any CPU
		{C4F1CE5C-A13F-4361-BE64-D5336F5714A9}.Release|Mixed Platforms.ActiveCfg = Release|Any CPU
		{C4F1CE5C-A13F-4361-BE64-D5336F5714A9}.Release|Mixed Platforms.Build.0 = Release|Any CPU
		{C4F1CE5C-A13F-4361-BE64-D5336F5714A9}.Release|x86.ActiveCfg = Release|Any CPU
		{C4F1CE5C-A13F-4361-BE64-D5336F5714A9}.Release|x86.Build.0 = Release|Any CPU
	EndGlobalSection
	GlobalSection(MonoDevelopProperties) = preSolution
		StartupItem = RivetsSampleiPhone\RivetsSampleiPhone.csproj
	EndGlobalSection
	GlobalSection(SolutionProperties) = preSolution
		HideSolutionNode = FALSE
	EndGlobalSection
EndGlobal
