
Microsoft Visual Studio Solution File, Format Version 12.00
# Visual Studio 2013
VisualStudioVersion = 12.0.30324.0
MinimumVisualStudioVersion = 10.0.40219.1
Project("{FAE04EC0-301F-11D3-BF4B-00C04F79EFBC}") = "RivetsSampleWinPhone8", "RivetsSampleWinPhone8\RivetsSampleWinPhone8.csproj", "{8AD872B7-5EE1-497B-A51D-3C096DADEBAE}"
EndProject
Project("{FAE04EC0-301F-11D3-BF4B-00C04F79EFBC}") = "Rivets.WinPhone8", "..\..\Rivets\Rivets.WinPhone8.csproj", "{EA5A23D6-8C62-451A-8F53-2740D6D99822}"
EndProject
Project("{FAE04EC0-301F-11D3-BF4B-00C04F79EFBC}") = "System.Json.PCL", "..\..\System.Json.PCL\System.Json.PCL.csproj", "{72A84133-7517-4532-921B-FCF79553018D}"
EndProject
Global
	GlobalSection(SolutionConfigurationPlatforms) = preSolution
		Ad-Hoc|Any CPU = Ad-Hoc|Any CPU
		Ad-Hoc|ARM = Ad-Hoc|ARM
		Ad-Hoc|iPhone = Ad-Hoc|iPhone
		Ad-Hoc|iPhoneSimulator = Ad-Hoc|iPhoneSimulator
		Ad-Hoc|Mixed Platforms = Ad-Hoc|Mixed Platforms
		Ad-Hoc|x86 = Ad-Hoc|x86
		AppStore|Any CPU = AppStore|Any CPU
		AppStore|ARM = AppStore|ARM
		AppStore|iPhone = AppStore|iPhone
		AppStore|iPhoneSimulator = AppStore|iPhoneSimulator
		AppStore|Mixed Platforms = AppStore|Mixed Platforms
		AppStore|x86 = AppStore|x86
		Debug|Any CPU = Debug|Any CPU
		Debug|ARM = Debug|ARM
		Debug|iPhone = Debug|iPhone
		Debug|iPhoneSimulator = Debug|iPhoneSimulator
		Debug|Mixed Platforms = Debug|Mixed Platforms
		Debug|x86 = Debug|x86
		Release|Any CPU = Release|Any CPU
		Release|ARM = Release|ARM
		Release|iPhone = Release|iPhone
		Release|iPhoneSimulator = Release|iPhoneSimulator
		Release|Mixed Platforms = Release|Mixed Platforms
		Release|x86 = Release|x86
	EndGlobalSection
	GlobalSection(ProjectConfigurationPlatforms) = postSolution
		{8AD872B7-5EE1-497B-A51D-3C096DADEBAE}.Ad-Hoc|Any CPU.ActiveCfg = Release|Any CPU
		{8AD872B7-5EE1-497B-A51D-3C096DADEBAE}.Ad-Hoc|Any CPU.Build.0 = Release|Any CPU
		{8AD872B7-5EE1-497B-A51D-3C096DADEBAE}.Ad-Hoc|Any CPU.Deploy.0 = Release|Any CPU
		{8AD872B7-5EE1-497B-A51D-3C096DADEBAE}.Ad-Hoc|ARM.ActiveCfg = Release|ARM
		{8AD872B7-5EE1-497B-A51D-3C096DADEBAE}.Ad-Hoc|ARM.Build.0 = Release|ARM
		{8AD872B7-5EE1-497B-A51D-3C096DADEBAE}.Ad-Hoc|ARM.Deploy.0 = Release|ARM
		{8AD872B7-5EE1-497B-A51D-3C096DADEBAE}.Ad-Hoc|iPhone.ActiveCfg = Release|Any CPU
		{8AD872B7-5EE1-497B-A51D-3C096DADEBAE}.Ad-Hoc|iPhoneSimulator.ActiveCfg = Release|Any CPU
		{8AD872B7-5EE1-497B-A51D-3C096DADEBAE}.Ad-Hoc|Mixed Platforms.ActiveCfg = Release|x86
		{8AD872B7-5EE1-497B-A51D-3C096DADEBAE}.Ad-Hoc|Mixed Platforms.Build.0 = Release|x86
		{8AD872B7-5EE1-497B-A51D-3C096DADEBAE}.Ad-Hoc|Mixed Platforms.Deploy.0 = Release|x86
		{8AD872B7-5EE1-497B-A51D-3C096DADEBAE}.Ad-Hoc|x86.ActiveCfg = Release|x86
		{8AD872B7-5EE1-497B-A51D-3C096DADEBAE}.Ad-Hoc|x86.Build.0 = Release|x86
		{8AD872B7-5EE1-497B-A51D-3C096DADEBAE}.Ad-Hoc|x86.Deploy.0 = Release|x86
		{8AD872B7-5EE1-497B-A51D-3C096DADEBAE}.AppStore|Any CPU.ActiveCfg = Release|Any CPU
		{8AD872B7-5EE1-497B-A51D-3C096DADEBAE}.AppStore|Any CPU.Build.0 = Release|Any CPU
		{8AD872B7-5EE1-497B-A51D-3C096DADEBAE}.AppStore|Any CPU.Deploy.0 = Release|Any CPU
		{8AD872B7-5EE1-497B-A51D-3C096DADEBAE}.AppStore|ARM.ActiveCfg = Release|ARM
		{8AD872B7-5EE1-497B-A51D-3C096DADEBAE}.AppStore|ARM.Build.0 = Release|ARM
		{8AD872B7-5EE1-497B-A51D-3C096DADEBAE}.AppStore|ARM.Deploy.0 = Release|ARM
		{8AD872B7-5EE1-497B-A51D-3C096DADEBAE}.AppStore|iPhone.ActiveCfg = Release|Any CPU
		{8AD872B7-5EE1-497B-A51D-3C096DADEBAE}.AppStore|iPhoneSimulator.ActiveCfg = Release|Any CPU
		{8AD872B7-5EE1-497B-A51D-3C096DADEBAE}.AppStore|Mixed Platforms.ActiveCfg = Release|x86
		{8AD872B7-5EE1-497B-A51D-3C096DADEBAE}.AppStore|Mixed Platforms.Build.0 = Release|x86
		{8AD872B7-5EE1-497B-A51D-3C096DADEBAE}.AppStore|Mixed Platforms.Deploy.0 = Release|x86
		{8AD872B7-5EE1-497B-A51D-3C096DADEBAE}.AppStore|x86.ActiveCfg = Release|x86
		{8AD872B7-5EE1-497B-A51D-3C096DADEBAE}.AppStore|x86.Build.0 = Release|x86
		{8AD872B7-5EE1-497B-A51D-3C096DADEBAE}.AppStore|x86.Deploy.0 = Release|x86
		{8AD872B7-5EE1-497B-A51D-3C096DADEBAE}.Debug|Any CPU.ActiveCfg = Debug|Any CPU
		{8AD872B7-5EE1-497B-A51D-3C096DADEBAE}.Debug|Any CPU.Build.0 = Debug|Any CPU
		{8AD872B7-5EE1-497B-A51D-3C096DADEBAE}.Debug|Any CPU.Deploy.0 = Debug|Any CPU
		{8AD872B7-5EE1-497B-A51D-3C096DADEBAE}.Debug|ARM.ActiveCfg = Debug|ARM
		{8AD872B7-5EE1-497B-A51D-3C096DADEBAE}.Debug|ARM.Build.0 = Debug|ARM
		{8AD872B7-5EE1-497B-A51D-3C096DADEBAE}.Debug|ARM.Deploy.0 = Debug|ARM
		{8AD872B7-5EE1-497B-A51D-3C096DADEBAE}.Debug|iPhone.ActiveCfg = Debug|Any CPU
		{8AD872B7-5EE1-497B-A51D-3C096DADEBAE}.Debug|iPhoneSimulator.ActiveCfg = Debug|Any CPU
		{8AD872B7-5EE1-497B-A51D-3C096DADEBAE}.Debug|Mixed Platforms.ActiveCfg = Debug|x86
		{8AD872B7-5EE1-497B-A51D-3C096DADEBAE}.Debug|Mixed Platforms.Build.0 = Debug|x86
		{8AD872B7-5EE1-497B-A51D-3C096DADEBAE}.Debug|Mixed Platforms.Deploy.0 = Debug|x86
		{8AD872B7-5EE1-497B-A51D-3C096DADEBAE}.Debug|x86.ActiveCfg = Debug|x86
		{8AD872B7-5EE1-497B-A51D-3C096DADEBAE}.Debug|x86.Build.0 = Debug|x86
		{8AD872B7-5EE1-497B-A51D-3C096DADEBAE}.Debug|x86.Deploy.0 = Debug|x86
		{8AD872B7-5EE1-497B-A51D-3C096DADEBAE}.Release|Any CPU.ActiveCfg = Release|Any CPU
		{8AD872B7-5EE1-497B-A51D-3C096DADEBAE}.Release|Any CPU.Build.0 = Release|Any CPU
		{8AD872B7-5EE1-497B-A51D-3C096DADEBAE}.Release|Any CPU.Deploy.0 = Release|Any CPU
		{8AD872B7-5EE1-497B-A51D-3C096DADEBAE}.Release|ARM.ActiveCfg = Release|ARM
		{8AD872B7-5EE1-497B-A51D-3C096DADEBAE}.Release|ARM.Build.0 = Release|ARM
		{8AD872B7-5EE1-497B-A51D-3C096DADEBAE}.Release|ARM.Deploy.0 = Release|ARM
		{8AD872B7-5EE1-497B-A51D-3C096DADEBAE}.Release|iPhone.ActiveCfg = Release|Any CPU
		{8AD872B7-5EE1-497B-A51D-3C096DADEBAE}.Release|iPhoneSimulator.ActiveCfg = Release|Any CPU
		{8AD872B7-5EE1-497B-A51D-3C096DADEBAE}.Release|Mixed Platforms.ActiveCfg = Release|x86
		{8AD872B7-5EE1-497B-A51D-3C096DADEBAE}.Release|Mixed Platforms.Build.0 = Release|x86
		{8AD872B7-5EE1-497B-A51D-3C096DADEBAE}.Release|Mixed Platforms.Deploy.0 = Release|x86
		{8AD872B7-5EE1-497B-A51D-3C096DADEBAE}.Release|x86.ActiveCfg = Release|x86
		{8AD872B7-5EE1-497B-A51D-3C096DADEBAE}.Release|x86.Build.0 = Release|x86
		{8AD872B7-5EE1-497B-A51D-3C096DADEBAE}.Release|x86.Deploy.0 = Release|x86
		{EA5A23D6-8C62-451A-8F53-2740D6D99822}.Ad-Hoc|Any CPU.ActiveCfg = Release|Any CPU
		{EA5A23D6-8C62-451A-8F53-2740D6D99822}.Ad-Hoc|Any CPU.Build.0 = Release|Any CPU
		{EA5A23D6-8C62-451A-8F53-2740D6D99822}.Ad-Hoc|ARM.ActiveCfg = Release|ARM
		{EA5A23D6-8C62-451A-8F53-2740D6D99822}.Ad-Hoc|ARM.Build.0 = Release|ARM
		{EA5A23D6-8C62-451A-8F53-2740D6D99822}.Ad-Hoc|iPhone.ActiveCfg = Release|Any CPU
		{EA5A23D6-8C62-451A-8F53-2740D6D99822}.Ad-Hoc|iPhoneSimulator.ActiveCfg = Release|Any CPU
		{EA5A23D6-8C62-451A-8F53-2740D6D99822}.Ad-Hoc|Mixed Platforms.ActiveCfg = Release|x86
		{EA5A23D6-8C62-451A-8F53-2740D6D99822}.Ad-Hoc|Mixed Platforms.Build.0 = Release|x86
		{EA5A23D6-8C62-451A-8F53-2740D6D99822}.Ad-Hoc|x86.ActiveCfg = Release|x86
		{EA5A23D6-8C62-451A-8F53-2740D6D99822}.Ad-Hoc|x86.Build.0 = Release|x86
		{EA5A23D6-8C62-451A-8F53-2740D6D99822}.AppStore|Any CPU.ActiveCfg = Release|Any CPU
		{EA5A23D6-8C62-451A-8F53-2740D6D99822}.AppStore|Any CPU.Build.0 = Release|Any CPU
		{EA5A23D6-8C62-451A-8F53-2740D6D99822}.AppStore|ARM.ActiveCfg = Release|ARM
		{EA5A23D6-8C62-451A-8F53-2740D6D99822}.AppStore|ARM.Build.0 = Release|ARM
		{EA5A23D6-8C62-451A-8F53-2740D6D99822}.AppStore|iPhone.ActiveCfg = Release|Any CPU
		{EA5A23D6-8C62-451A-8F53-2740D6D99822}.AppStore|iPhoneSimulator.ActiveCfg = Release|Any CPU
		{EA5A23D6-8C62-451A-8F53-2740D6D99822}.AppStore|Mixed Platforms.ActiveCfg = Release|x86
		{EA5A23D6-8C62-451A-8F53-2740D6D99822}.AppStore|Mixed Platforms.Build.0 = Release|x86
		{EA5A23D6-8C62-451A-8F53-2740D6D99822}.AppStore|x86.ActiveCfg = Release|x86
		{EA5A23D6-8C62-451A-8F53-2740D6D99822}.AppStore|x86.Build.0 = Release|x86
		{EA5A23D6-8C62-451A-8F53-2740D6D99822}.Debug|Any CPU.ActiveCfg = Debug|Any CPU
		{EA5A23D6-8C62-451A-8F53-2740D6D99822}.Debug|Any CPU.Build.0 = Debug|Any CPU
		{EA5A23D6-8C62-451A-8F53-2740D6D99822}.Debug|ARM.ActiveCfg = Debug|ARM
		{EA5A23D6-8C62-451A-8F53-2740D6D99822}.Debug|ARM.Build.0 = Debug|ARM
		{EA5A23D6-8C62-451A-8F53-2740D6D99822}.Debug|iPhone.ActiveCfg = Debug|Any CPU
		{EA5A23D6-8C62-451A-8F53-2740D6D99822}.Debug|iPhoneSimulator.ActiveCfg = Debug|Any CPU
		{EA5A23D6-8C62-451A-8F53-2740D6D99822}.Debug|Mixed Platforms.ActiveCfg = Debug|x86
		{EA5A23D6-8C62-451A-8F53-2740D6D99822}.Debug|Mixed Platforms.Build.0 = Debug|x86
		{EA5A23D6-8C62-451A-8F53-2740D6D99822}.Debug|x86.ActiveCfg = Debug|x86
		{EA5A23D6-8C62-451A-8F53-2740D6D99822}.Debug|x86.Build.0 = Debug|x86
		{EA5A23D6-8C62-451A-8F53-2740D6D99822}.Release|Any CPU.ActiveCfg = Release|Any CPU
		{EA5A23D6-8C62-451A-8F53-2740D6D99822}.Release|Any CPU.Build.0 = Release|Any CPU
		{EA5A23D6-8C62-451A-8F53-2740D6D99822}.Release|ARM.ActiveCfg = Release|ARM
		{EA5A23D6-8C62-451A-8F53-2740D6D99822}.Release|ARM.Build.0 = Release|ARM
		{EA5A23D6-8C62-451A-8F53-2740D6D99822}.Release|iPhone.ActiveCfg = Release|Any CPU
		{EA5A23D6-8C62-451A-8F53-2740D6D99822}.Release|iPhoneSimulator.ActiveCfg = Release|Any CPU
		{EA5A23D6-8C62-451A-8F53-2740D6D99822}.Release|Mixed Platforms.ActiveCfg = Release|x86
		{EA5A23D6-8C62-451A-8F53-2740D6D99822}.Release|Mixed Platforms.Build.0 = Release|x86
		{EA5A23D6-8C62-451A-8F53-2740D6D99822}.Release|x86.ActiveCfg = Release|x86
		{EA5A23D6-8C62-451A-8F53-2740D6D99822}.Release|x86.Build.0 = Release|x86
		{72A84133-7517-4532-921B-FCF79553018D}.Ad-Hoc|Any CPU.ActiveCfg = Release|Any CPU
		{72A84133-7517-4532-921B-FCF79553018D}.Ad-Hoc|Any CPU.Build.0 = Release|Any CPU
		{72A84133-7517-4532-921B-FCF79553018D}.Ad-Hoc|ARM.ActiveCfg = Release|Any CPU
		{72A84133-7517-4532-921B-FCF79553018D}.Ad-Hoc|iPhone.ActiveCfg = Release|Any CPU
		{72A84133-7517-4532-921B-FCF79553018D}.Ad-Hoc|iPhoneSimulator.ActiveCfg = Release|Any CPU
		{72A84133-7517-4532-921B-FCF79553018D}.Ad-Hoc|Mixed Platforms.ActiveCfg = Release|Any CPU
		{72A84133-7517-4532-921B-FCF79553018D}.Ad-Hoc|Mixed Platforms.Build.0 = Release|Any CPU
		{72A84133-7517-4532-921B-FCF79553018D}.Ad-Hoc|x86.ActiveCfg = Release|Any CPU
		{72A84133-7517-4532-921B-FCF79553018D}.AppStore|Any CPU.ActiveCfg = Release|Any CPU
		{72A84133-7517-4532-921B-FCF79553018D}.AppStore|Any CPU.Build.0 = Release|Any CPU
		{72A84133-7517-4532-921B-FCF79553018D}.AppStore|ARM.ActiveCfg = Release|Any CPU
		{72A84133-7517-4532-921B-FCF79553018D}.AppStore|iPhone.ActiveCfg = Release|Any CPU
		{72A84133-7517-4532-921B-FCF79553018D}.AppStore|iPhoneSimulator.ActiveCfg = Release|Any CPU
		{72A84133-7517-4532-921B-FCF79553018D}.AppStore|Mixed Platforms.ActiveCfg = Release|Any CPU
		{72A84133-7517-4532-921B-FCF79553018D}.AppStore|Mixed Platforms.Build.0 = Release|Any CPU
		{72A84133-7517-4532-921B-FCF79553018D}.AppStore|x86.ActiveCfg = Release|Any CPU
		{72A84133-7517-4532-921B-FCF79553018D}.Debug|Any CPU.ActiveCfg = Debug|Any CPU
		{72A84133-7517-4532-921B-FCF79553018D}.Debug|Any CPU.Build.0 = Debug|Any CPU
		{72A84133-7517-4532-921B-FCF79553018D}.Debug|ARM.ActiveCfg = Debug|Any CPU
		{72A84133-7517-4532-921B-FCF79553018D}.Debug|iPhone.ActiveCfg = Debug|Any CPU
		{72A84133-7517-4532-921B-FCF79553018D}.Debug|iPhoneSimulator.ActiveCfg = Debug|Any CPU
		{72A84133-7517-4532-921B-FCF79553018D}.Debug|Mixed Platforms.ActiveCfg = Debug|Any CPU
		{72A84133-7517-4532-921B-FCF79553018D}.Debug|Mixed Platforms.Build.0 = Debug|Any CPU
		{72A84133-7517-4532-921B-FCF79553018D}.Debug|x86.ActiveCfg = Debug|Any CPU
		{72A84133-7517-4532-921B-FCF79553018D}.Release|Any CPU.ActiveCfg = Release|Any CPU
		{72A84133-7517-4532-921B-FCF79553018D}.Release|Any CPU.Build.0 = Release|Any CPU
		{72A84133-7517-4532-921B-FCF79553018D}.Release|ARM.ActiveCfg = Release|Any CPU
		{72A84133-7517-4532-921B-FCF79553018D}.Release|iPhone.ActiveCfg = Release|Any CPU
		{72A84133-7517-4532-921B-FCF79553018D}.Release|iPhoneSimulator.ActiveCfg = Release|Any CPU
		{72A84133-7517-4532-921B-FCF79553018D}.Release|Mixed Platforms.ActiveCfg = Release|Any CPU
		{72A84133-7517-4532-921B-FCF79553018D}.Release|Mixed Platforms.Build.0 = Release|Any CPU
		{72A84133-7517-4532-921B-FCF79553018D}.Release|x86.ActiveCfg = Release|Any CPU
	EndGlobalSection
	GlobalSection(SolutionProperties) = preSolution
		HideSolutionNode = FALSE
	EndGlobalSection
	GlobalSection(MonoDevelopProperties) = preSolution
		StartupItem = RivetsSampleWinPhone8\RivetsSampleWinPhone8.csproj
	EndGlobalSection
EndGlobal
